
Microsoft Visual Studio Solution File, Format Version 12.00
# Visual Studio Version 17
VisualStudioVersion = 17.14.37027.9 d17.14
MinimumVisualStudioVersion = 10.0.40219.1
Project("{8BC9CEB8-8B4A-11D0-8D11-00A0C91BC942}") = "kadai1", "kadai1\kadai1.vcxproj", "{E970341E-5392-44BC-BDAE-B71ACD6E7976}"
EndProject
Global
	GlobalSection(SolutionConfigurationPlatforms) = preSolution
		Debug|x64 = Debug|x64
		Debug|x86 = Debug|x86
		Release|x64 = Release|x64
		Release|x86 = Release|x86
	EndGlobalSection
	GlobalSection(ProjectConfigurationPlatforms) = postSolution
		{E970341E-5392-44BC-BDAE-B71ACD6E7976}.Debug|x64.ActiveCfg = Debug|x64
		{E970341E-5392-44BC-BDAE-B71ACD6E7976}.Debug|x64.Build.0 = Debug|x64
		{E970341E-5392-44BC-BDAE-B71ACD6E7976}.Debug|x86.ActiveCfg = Debug|Win32
		{E970341E-5392-44BC-BDAE-B71ACD6E7976}.Debug|x86.Build.0 = Debug|Win32
		{E970341E-5392-44BC-BDAE-B71ACD6E7976}.Release|x64.ActiveCfg = Release|x64
		{E970341E-5392-44BC-BDAE-B71ACD6E7976}.Release|x64.Build.0 = Release|x64
		{E970341E-5392-44BC-BDAE-B71ACD6E7976}.Release|x86.ActiveCfg = Release|Win32
		{E970341E-5392-44BC-BDAE-B71ACD6E7976}.Release|x86.Build.0 = Release|Win32
	EndGlobalSection
	GlobalSection(SolutionProperties) = preSolution
		HideSolutionNode = FALSE
	EndGlobalSection
	GlobalSection(ExtensibilityGlobals) = postSolution
		SolutionGuid = {B1BD92B8-C78D-48FF-A53F-721A313F5053}
	EndGlobalSection
EndGlobal
