
Microsoft Visual Studio Solution File, Format Version 12.00
# Visual Studio Version 17
VisualStudioVersion = 17.14.37027.9 d17.14
MinimumVisualStudioVersion = 10.0.40219.1
Project("{8BC9CEB8-8B4A-11D0-8D11-00A0C91BC942}") = "kadai1", "kadai1\kadai1.vcxproj", "{B78F3721-A2B5-4934-AC31-3C6E3BF8BED3}"
EndProject
Global
	GlobalSection(SolutionConfigurationPlatforms) = preSolution
		Debug|x64 = Debug|x64
		Debug|x86 = Debug|x86
		Release|x64 = Release|x64
		Release|x86 = Release|x86
	EndGlobalSection
	GlobalSection(ProjectConfigurationPlatforms) = postSolution
		{B78F3721-A2B5-4934-AC31-3C6E3BF8BED3}.Debug|x64.ActiveCfg = Debug|x64
		{B78F3721-A2B5-4934-AC31-3C6E3BF8BED3}.Debug|x64.Build.0 = Debug|x64
		{B78F3721-A2B5-4934-AC31-3C6E3BF8BED3}.Debug|x86.ActiveCfg = Debug|Win32
		{B78F3721-A2B5-4934-AC31-3C6E3BF8BED3}.Debug|x86.Build.0 = Debug|Win32
		{B78F3721-A2B5-4934-AC31-3C6E3BF8BED3}.Release|x64.ActiveCfg = Release|x64
		{B78F3721-A2B5-4934-AC31-3C6E3BF8BED3}.Release|x64.Build.0 = Release|x64
		{B78F3721-A2B5-4934-AC31-3C6E3BF8BED3}.Release|x86.ActiveCfg = Release|Win32
		{B78F3721-A2B5-4934-AC31-3C6E3BF8BED3}.Release|x86.Build.0 = Release|Win32
	EndGlobalSection
	GlobalSection(SolutionProperties) = preSolution
		HideSolutionNode = FALSE
	EndGlobalSection
	GlobalSection(ExtensibilityGlobals) = postSolution
		SolutionGuid = {1E09CD17-2A81-4520-A783-644A9AC2A309}
	EndGlobalSection
EndGlobal
