
Microsoft Visual Studio Solution File, Format Version 12.00
# Visual Studio Version 17
VisualStudioVersion = 17.14.37027.9 d17.14
MinimumVisualStudioVersion = 10.0.40219.1
Project("{8BC9CEB8-8B4A-11D0-8D11-00A0C91BC942}") = "renshu", "renshu\renshu.vcxproj", "{5A70FE4C-7827-48B8-829A-59F7FB587F44}"
EndProject
Global
	GlobalSection(SolutionConfigurationPlatforms) = preSolution
		Debug|x64 = Debug|x64
		Debug|x86 = Debug|x86
		Release|x64 = Release|x64
		Release|x86 = Release|x86
	EndGlobalSection
	GlobalSection(ProjectConfigurationPlatforms) = postSolution
		{5A70FE4C-7827-48B8-829A-59F7FB587F44}.Debug|x64.ActiveCfg = Debug|x64
		{5A70FE4C-7827-48B8-829A-59F7FB587F44}.Debug|x64.Build.0 = Debug|x64
		{5A70FE4C-7827-48B8-829A-59F7FB587F44}.Debug|x86.ActiveCfg = Debug|Win32
		{5A70FE4C-7827-48B8-829A-59F7FB587F44}.Debug|x86.Build.0 = Debug|Win32
		{5A70FE4C-7827-48B8-829A-59F7FB587F44}.Release|x64.ActiveCfg = Release|x64
		{5A70FE4C-7827-48B8-829A-59F7FB587F44}.Release|x64.Build.0 = Release|x64
		{5A70FE4C-7827-48B8-829A-59F7FB587F44}.Release|x86.ActiveCfg = Release|Win32
		{5A70FE4C-7827-48B8-829A-59F7FB587F44}.Release|x86.Build.0 = Release|Win32
	EndGlobalSection
	GlobalSection(SolutionProperties) = preSolution
		HideSolutionNode = FALSE
	EndGlobalSection
	GlobalSection(ExtensibilityGlobals) = postSolution
		SolutionGuid = {92592050-56AB-4137-ACDB-4F7918B3C0CC}
	EndGlobalSection
EndGlobal
